// !$*UTF8*$!
{
	archiveVersion = 1;
	classes = {
	};
	objectVersion = 51;
	objects = {

/* Begin PBXBuildFile section */
		CC652E58223784950011A53C /* AppDelegate.swift in Sources */ = {isa = PBXBuildFile; fileRef = CC652E57223784950011A53C /* AppDelegate.swift */; };
		CC652E5A223784950011A53C /* ViewController.swift in Sources */ = {isa = PBXBuildFile; fileRef = CC652E59223784950011A53C /* ViewController.swift */; };
		CC652E5D223784950011A53C /* Main.storyboard in Resources */ = {isa = PBXBuildFile; fileRef = CC652E5B223784950011A53C /* Main.storyboard */; };
		CC652E5F223784970011A53C /* Assets.xcassets in Resources */ = {isa = PBXBuildFile; fileRef = CC652E5E223784970011A53C /* Assets.xcassets */; };
		CC652E62223784970011A53C /* LaunchScreen.storyboard in Resources */ = {isa = PBXBuildFile; fileRef = CC652E60223784970011A53C /* LaunchScreen.storyboard */; };
		CC652E6E22378A600011A53C /* Result.framework in Embed Frameworks */ = {isa = PBXBuildFile; fileRef = CC652E6D22378A600011A53C /* Result.framework */; settings = {ATTRIBUTES = (CodeSignOnCopy, RemoveHeadersOnCopy, ); }; };
		CC652E7022378A760011A53C /* ReactiveSwift.framework in Embed Frameworks */ = {isa = PBXBuildFile; fileRef = CC652E6F22378A760011A53C /* ReactiveSwift.framework */; settings = {ATTRIBUTES = (CodeSignOnCopy, RemoveHeadersOnCopy, ); }; };
		CC652E7222378A890011A53C /* ReactiveCocoa.framework in Embed Frameworks */ = {isa = PBXBuildFile; fileRef = CC652E7122378A890011A53C /* ReactiveCocoa.framework */; settings = {ATTRIBUTES = (CodeSignOnCopy, RemoveHeadersOnCopy, ); }; };
		CC652E7522378AED0011A53C /* ReactiveCocoa.framework.dSYM in Copy dSYM Files */ = {isa = PBXBuildFile; fileRef = CC652E7422378AED0011A53C /* ReactiveCocoa.framework.dSYM */; };
		CC652E7722378B040011A53C /* ReactiveSwift.framework.dSYM in Copy dSYM Files */ = {isa = PBXBuildFile; fileRef = CC652E7622378B040011A53C /* ReactiveSwift.framework.dSYM */; };
		CC652E7922378B190011A53C /* Result.framework.dSYM in Copy dSYM Files */ = {isa = PBXBuildFile; fileRef = CC652E7822378B190011A53C /* Result.framework.dSYM */; };
		CC652E7E22378C2C0011A53C /* frameworks_input.xcfilelist in Resources */ = {isa = PBXBuildFile; fileRef = CC652E6A2237885B0011A53C /* frameworks_input.xcfilelist */; };
		CC652E8022378C330011A53C /* frameworks_output.xcfilelist in Resources */ = {isa = PBXBuildFile; fileRef = CC652E6B223788730011A53C /* frameworks_output.xcfilelist */; };
/* End PBXBuildFile section */

/* Begin PBXCopyFilesBuildPhase section */
		CC652E6C223789D30011A53C /* Embed Frameworks */ = {
			isa = PBXCopyFilesBuildPhase;
			buildActionMask = 2147483647;
			dstPath = "";
			dstSubfolderSpec = 10;
			files = (
				CC652E7222378A890011A53C /* ReactiveCocoa.framework in Embed Frameworks */,
				CC652E7022378A760011A53C /* ReactiveSwift.framework in Embed Frameworks */,
				CC652E6E22378A600011A53C /* Result.framework in Embed Frameworks */,
			);
			name = "Embed Frameworks";
			runOnlyForDeploymentPostprocessing = 0;
		};
		CC652E7322378AB60011A53C /* Copy dSYM Files */ = {
			isa = PBXCopyFilesBuildPhase;
			buildActionMask = 2147483647;
			dstPath = "";
			dstSubfolderSpec = 16;
			files = (
				CC652E7922378B190011A53C /* Result.framework.dSYM in Copy dSYM Files */,
				CC652E7722378B040011A53C /* ReactiveSwift.framework.dSYM in Copy dSYM Files */,
				CC652E7522378AED0011A53C /* ReactiveCocoa.framework.dSYM in Copy dSYM Files */,
			);
			name = "Copy dSYM Files";
			runOnlyForDeploymentPostprocessing = 0;
		};
/* End PBXCopyFilesBuildPhase section */

/* Begin PBXFileReference section */
		CC652E54223784950011A53C /* inputfield.app */ = {isa = PBXFileReference; explicitFileType = wrapper.application; includeInIndex = 0; path = inputfield.app; sourceTree = BUILT_PRODUCTS_DIR; };
		CC652E57223784950011A53C /* AppDelegate.swift */ = {isa = PBXFileReference; lastKnownFileType = sourcecode.swift; path = AppDelegate.swift; sourceTree = "<group>"; };
		CC652E59223784950011A53C /* ViewController.swift */ = {isa = PBXFileReference; lastKnownFileType = sourcecode.swift; path = ViewController.swift; sourceTree = "<group>"; };
		CC652E5C223784950011A53C /* Base */ = {isa = PBXFileReference; lastKnownFileType = file.storyboard; name = Base; path = Base.lproj/Main.storyboard; sourceTree = "<group>"; };
		CC652E5E223784970011A53C /* Assets.xcassets */ = {isa = PBXFileReference; lastKnownFileType = folder.assetcatalog; path = Assets.xcassets; sourceTree = "<group>"; };
		CC652E61223784970011A53C /* Base */ = {isa = PBXFileReference; lastKnownFileType = file.storyboard; name = Base; path = Base.lproj/LaunchScreen.storyboard; sourceTree = "<group>"; };
		CC652E63223784970011A53C /* Info.plist */ = {isa = PBXFileReference; lastKnownFileType = text.plist.xml; path = Info.plist; sourceTree = "<group>"; };
		CC652E6A2237885B0011A53C /* frameworks_input.xcfilelist */ = {isa = PBXFileReference; lastKnownFileType = text.xcfilelist; path = frameworks_input.xcfilelist; sourceTree = "<group>"; };
		CC652E6B223788730011A53C /* frameworks_output.xcfilelist */ = {isa = PBXFileReference; lastKnownFileType = text.xcfilelist; path = frameworks_output.xcfilelist; sourceTree = "<group>"; };
		CC652E6D22378A600011A53C /* Result.framework */ = {isa = PBXFileReference; lastKnownFileType = wrapper.framework; name = Result.framework; path = Carthage/Build/iOS/Result.framework; sourceTree = "<group>"; };
		CC652E6F22378A760011A53C /* ReactiveSwift.framework */ = {isa = PBXFileReference; lastKnownFileType = wrapper.framework; name = ReactiveSwift.framework; path = Carthage/Build/iOS/ReactiveSwift.framework; sourceTree = "<group>"; };
		CC652E7122378A890011A53C /* ReactiveCocoa.framework */ = {isa = PBXFileReference; lastKnownFileType = wrapper.framework; name = ReactiveCocoa.framework; path = Carthage/Build/iOS/ReactiveCocoa.framework; sourceTree = "<group>"; };
		CC652E7422378AED0011A53C /* ReactiveCocoa.framework.dSYM */ = {isa = PBXFileReference; lastKnownFileType = wrapper.dsym; name = ReactiveCocoa.framework.dSYM; path = Carthage/Build/iOS/ReactiveCocoa.framework.dSYM; sourceTree = "<group>"; };
		CC652E7622378B040011A53C /* ReactiveSwift.framework.dSYM */ = {isa = PBXFileReference; lastKnownFileType = wrapper.dsym; name = ReactiveSwift.framework.dSYM; path = Carthage/Build/iOS/ReactiveSwift.framework.dSYM; sourceTree = "<group>"; };
		CC652E7822378B190011A53C /* Result.framework.dSYM */ = {isa = PBXFileReference; lastKnownFileType = wrapper.dsym; name = Result.framework.dSYM; path = Carthage/Build/iOS/Result.framework.dSYM; sourceTree = "<group>"; };
/* End PBXFileReference section */

/* Begin PBXFrameworksBuildPhase section */
		CC652E51223784950011A53C /* Frameworks */ = {
			isa = PBXFrameworksBuildPhase;
			buildActionMask = 2147483647;
			files = (
			);
			runOnlyForDeploymentPostprocessing = 0;
		};
/* End PBXFrameworksBuildPhase section */

/* Begin PBXGroup section */
		CC652E4B223784950011A53C = {
			isa = PBXGroup;
			children = (
				CC652E56223784950011A53C /* inputfield */,
				CC652E8122378C5D0011A53C /* Frameworks */,
				CC652E8222378C8A0011A53C /* dSYMs */,
				CC652E55223784950011A53C /* Products */,
			);
			sourceTree = "<group>";
		};
		CC652E55223784950011A53C /* Products */ = {
			isa = PBXGroup;
			children = (
				CC652E54223784950011A53C /* inputfield.app */,
			);
			name = Products;
			sourceTree = "<group>";
		};
		CC652E56223784950011A53C /* inputfield */ = {
			isa = PBXGroup;
			children = (
				CC652E57223784950011A53C /* AppDelegate.swift */,
				CC652E59223784950011A53C /* ViewController.swift */,
				CC652E5B223784950011A53C /* Main.storyboard */,
				CC652E5E223784970011A53C /* Assets.xcassets */,
				CC652E60223784970011A53C /* LaunchScreen.storyboard */,
				CC652E63223784970011A53C /* Info.plist */,
				CC652E6A2237885B0011A53C /* frameworks_input.xcfilelist */,
				CC652E6B223788730011A53C /* frameworks_output.xcfilelist */,
			);
			path = inputfield;
			sourceTree = "<group>";
		};
		CC652E8122378C5D0011A53C /* Frameworks */ = {
			isa = PBXGroup;
			children = (
				CC652E7122378A890011A53C /* ReactiveCocoa.framework */,
				CC652E6F22378A760011A53C /* ReactiveSwift.framework */,
				CC652E6D22378A600011A53C /* Result.framework */,
			);
			name = Frameworks;
			sourceTree = "<group>";
		};
		CC652E8222378C8A0011A53C /* dSYMs */ = {
			isa = PBXGroup;
			children = (
				CC652E7822378B190011A53C /* Result.framework.dSYM */,
				CC652E7622378B040011A53C /* ReactiveSwift.framework.dSYM */,
				CC652E7422378AED0011A53C /* ReactiveCocoa.framework.dSYM */,
			);
			name = dSYMs;
			sourceTree = "<group>";
		};
/* End PBXGroup section */

/* Begin PBXNativeTarget section */
		CC652E53223784950011A53C /* inputfield */ = {
			isa = PBXNativeTarget;
			buildConfigurationList = CC652E66223784970011A53C /* Build configuration list for PBXNativeTarget "inputfield" */;
			buildPhases = (
				CC652E50223784950011A53C /* Sources */,
				CC652E51223784950011A53C /* Frameworks */,
				CC652E52223784950011A53C /* Resources */,
				CC652E69223786E20011A53C /* Copy Frameworks */,
				CC652E6C223789D30011A53C /* Embed Frameworks */,
				CC652E7322378AB60011A53C /* Copy dSYM Files */,
			);
			buildRules = (
			);
			dependencies = (
			);
			name = inputfield;
			productName = inputfield;
			productReference = CC652E54223784950011A53C /* inputfield.app */;
			productType = "com.apple.product-type.application";
		};
/* End PBXNativeTarget section */

/* Begin PBXProject section */
		CC652E4C223784950011A53C /* Project object */ = {
			isa = PBXProject;
			attributes = {
				LastSwiftUpdateCheck = 1010;
				LastUpgradeCheck = 1010;
				ORGANIZATIONNAME = makoto.kaneko;
				TargetAttributes = {
					CC652E53223784950011A53C = {
						CreatedOnToolsVersion = 10.1;
					};
				};
			};
			buildConfigurationList = CC652E4F223784950011A53C /* Build configuration list for PBXProject "inputfield" */;
			compatibilityVersion = "Xcode 9.3";
			developmentRegion = en;
			hasScannedForEncodings = 0;
			knownRegions = (
				en,
				Base,
			);
			mainGroup = CC652E4B223784950011A53C;
			productRefGroup = CC652E55223784950011A53C /* Products */;
			projectDirPath = "";
			projectRoot = "";
			targets = (
				CC652E53223784950011A53C /* inputfield */,
			);
		};
/* End PBXProject section */

/* Begin PBXResourcesBuildPhase section */
		CC652E52223784950011A53C /* Resources */ = {
			isa = PBXResourcesBuildPhase;
			buildActionMask = 2147483647;
			files = (
				CC652E7E22378C2C0011A53C /* frameworks_input.xcfilelist in Resources */,
				CC652E8022378C330011A53C /* frameworks_output.xcfilelist in Resources */,
				CC652E62223784970011A53C /* LaunchScreen.storyboard in Resources */,
				CC652E5F223784970011A53C /* Assets.xcassets in Resources */,
				CC652E5D223784950011A53C /* Main.storyboard in Resources */,
			);
			runOnlyForDeploymentPostprocessing = 0;
		};
/* End PBXResourcesBuildPhase section */

/* Begin PBXShellScriptBuildPhase section */
		CC652E69223786E20011A53C /* Copy Frameworks */ = {
			isa = PBXShellScriptBuildPhase;
			buildActionMask = 2147483647;
			files = (
			);
			inputFileListPaths = (
				"$(SRCROOT)/frameworks_input.xcfilelist",
			);
			inputPaths = (
			);
			name = "Copy Frameworks";
			outputFileListPaths = (
				"$(SRCROOT)/frameworks_output.xcfilelist",
			);
			outputPaths = (
			);
			runOnlyForDeploymentPostprocessing = 0;
			shellPath = /bin/sh;
			shellScript = "/usr/local/bin/carthage copy-frameworks\n";
		};
/* End PBXShellScriptBuildPhase section */

/* Begin PBXSourcesBuildPhase section */
		CC652E50223784950011A53C /* Sources */ = {
			isa = PBXSourcesBuildPhase;
			buildActionMask = 2147483647;
			files = (
				CC652E5A223784950011A53C /* ViewController.swift in Sources */,
				CC652E58223784950011A53C /* AppDelegate.swift in Sources */,
			);
			runOnlyForDeploymentPostprocessing = 0;
		};
/* End PBXSourcesBuildPhase section */

/* Begin PBXVariantGroup section */
		CC652E5B223784950011A53C /* Main.storyboard */ = {
			isa = PBXVariantGroup;
			children = (
				CC652E5C223784950011A53C /* Base */,
			);
			name = Main.storyboard;
			sourceTree = "<group>";
		};
		CC652E60223784970011A53C /* LaunchScreen.storyboard */ = {
			isa = PBXVariantGroup;
			children = (
				CC652E61223784970011A53C /* Base */,
			);
			name = LaunchScreen.storyboard;
			sourceTree = "<group>";
		};
/* End PBXVariantGroup section */

/* Begin XCBuildConfiguration section */
		CC652E64223784970011A53C /* Debug */ = {
			isa = XCBuildConfiguration;
			buildSettings = {
				ALWAYS_SEARCH_USER_PATHS = NO;
				CLANG_ANALYZER_NONNULL = YES;
				CLANG_ANALYZER_NUMBER_OBJECT_CONVERSION = YES_AGGRESSIVE;
				CLANG_CXX_LANGUAGE_STANDARD = "gnu++14";
				CLANG_CXX_LIBRARY = "libc++";
				CLANG_ENABLE_MODULES = YES;
				CLANG_ENABLE_OBJC_ARC = YES;
				CLANG_ENABLE_OBJC_WEAK = YES;
				CLANG_WARN_BLOCK_CAPTURE_AUTORELEASING = YES;
				CLANG_WARN_BOOL_CONVERSION = YES;
				CLANG_WARN_COMMA = YES;
				CLANG_WARN_CONSTANT_CONVERSION = YES;
				CLANG_WARN_DEPRECATED_OBJC_IMPLEMENTATIONS = YES;
				CLANG_WARN_DIRECT_OBJC_ISA_USAGE = YES_ERROR;
				CLANG_WARN_DOCUMENTATION_COMMENTS = YES;
				CLANG_WARN_EMPTY_BODY = YES;
				CLANG_WARN_ENUM_CONVERSION = YES;
				CLANG_WARN_INFINITE_RECURSION = YES;
				CLANG_WARN_INT_CONVERSION = YES;
				CLANG_WARN_NON_LITERAL_NULL_CONVERSION = YES;
				CLANG_WARN_OBJC_IMPLICIT_RETAIN_SELF = YES;
				CLANG_WARN_OBJC_LITERAL_CONVERSION = YES;
				CLANG_WARN_OBJC_ROOT_CLASS = YES_ERROR;
				CLANG_WARN_RANGE_LOOP_ANALYSIS = YES;
				CLANG_WARN_STRICT_PROTOTYPES = YES;
				CLANG_WARN_SUSPICIOUS_MOVE = YES;
				CLANG_WARN_UNGUARDED_AVAILABILITY = YES_AGGRESSIVE;
				CLANG_WARN_UNREACHABLE_CODE = YES;
				CLANG_WARN__DUPLICATE_METHOD_MATCH = YES;
				CODE_SIGN_IDENTITY = "iPhone Developer";
				COPY_PHASE_STRIP = NO;
				DEBUG_INFORMATION_FORMAT = dwarf;
				ENABLE_STRICT_OBJC_MSGSEND = YES;
				ENABLE_TESTABILITY = YES;
				GCC_C_LANGUAGE_STANDARD = gnu11;
				GCC_DYNAMIC_NO_PIC = NO;
				GCC_NO_COMMON_BLOCKS = YES;
				GCC_OPTIMIZATION_LEVEL = 0;
				GCC_PREPROCESSOR_DEFINITIONS = (
					"DEBUG=1",
					"$(inherited)",
				);
				GCC_WARN_64_TO_32_BIT_CONVERSION = YES;
				GCC_WARN_ABOUT_RETURN_TYPE = YES_ERROR;
				GCC_WARN_UNDECLARED_SELECTOR = YES;
				GCC_WARN_UNINITIALIZED_AUTOS = YES_AGGRESSIVE;
				GCC_WARN_UNUSED_FUNCTION = YES;
				GCC_WARN_UNUSED_VARIABLE = YES;
				IPHONEOS_DEPLOYMENT_TARGET = 12.1;
				MTL_ENABLE_DEBUG_INFO = INCLUDE_SOURCE;
				MTL_FAST_MATH = YES;
				ONLY_ACTIVE_ARCH = YES;
				SDKROOT = iphoneos;
				SWIFT_ACTIVE_COMPILATION_CONDITIONS = DEBUG;
				SWIFT_OPTIMIZATION_LEVEL = "-Onone";
			};
			name = Debug;
		};
		CC652E65223784970011A53C /* Release */ = {
			isa = XCBuildConfiguration;
			buildSettings = {
				ALWAYS_SEARCH_USER_PATHS = NO;
				CLANG_ANALYZER_NONNULL = YES;
				CLANG_ANALYZER_NUMBER_OBJECT_CONVERSION = YES_AGGRESSIVE;
				CLANG_CXX_LANGUAGE_STANDARD = "gnu++14";
				CLANG_CXX_LIBRARY = "libc++";
				CLANG_ENABLE_MODULES = YES;
				CLANG_ENABLE_OBJC_ARC = YES;
				CLANG_ENABLE_OBJC_WEAK = YES;
				CLANG_WARN_BLOCK_CAPTURE_AUTORELEASING = YES;
				CLANG_WARN_BOOL_CONVERSION = YES;
				CLANG_WARN_COMMA = YES;
				CLANG_WARN_CONSTANT_CONVERSION = YES;
				CLANG_WARN_DEPRECATED_OBJC_IMPLEMENTATIONS = YES;
				CLANG_WARN_DIRECT_OBJC_ISA_USAGE = YES_ERROR;
				CLANG_WARN_DOCUMENTATION_COMMENTS = YES;
				CLANG_WARN_EMPTY_BODY = YES;
				CLANG_WARN_ENUM_CONVERSION = YES;
				CLANG_WARN_INFINITE_RECURSION = YES;
				CLANG_WARN_INT_CONVERSION = YES;
				CLANG_WARN_NON_LITERAL_NULL_CONVERSION = YES;
				CLANG_WARN_OBJC_IMPLICIT_RETAIN_SELF = YES;
				CLANG_WARN_OBJC_LITERAL_CONVERSION = YES;
				CLANG_WARN_OBJC_ROOT_CLASS = YES_ERROR;
				CLANG_WARN_RANGE_LOOP_ANALYSIS = YES;
				CLANG_WARN_STRICT_PROTOTYPES = YES;
				CLANG_WARN_SUSPICIOUS_MOVE = YES;
				CLANG_WARN_UNGUARDED_AVAILABILITY = YES_AGGRESSIVE;
				CLANG_WARN_UNREACHABLE_CODE = YES;
				CLANG_WARN__DUPLICATE_METHOD_MATCH = YES;
				CODE_SIGN_IDENTITY = "iPhone Developer";
				COPY_PHASE_STRIP = NO;
				DEBUG_INFORMATION_FORMAT = "dwarf-with-dsym";
				ENABLE_NS_ASSERTIONS = NO;
				ENABLE_STRICT_OBJC_MSGSEND = YES;
				GCC_C_LANGUAGE_STANDARD = gnu11;
				GCC_NO_COMMON_BLOCKS = YES;
				GCC_WARN_64_TO_32_BIT_CONVERSION = YES;
				GCC_WARN_ABOUT_RETURN_TYPE = YES_ERROR;
				GCC_WARN_UNDECLARED_SELECTOR = YES;
				GCC_WARN_UNINITIALIZED_AUTOS = YES_AGGRESSIVE;
				GCC_WARN_UNUSED_FUNCTION = YES;
				GCC_WARN_UNUSED_VARIABLE = YES;
				IPHONEOS_DEPLOYMENT_TARGET = 12.1;
				MTL_ENABLE_DEBUG_INFO = NO;
				MTL_FAST_MATH = YES;
				SDKROOT = iphoneos;
				SWIFT_COMPILATION_MODE = wholemodule;
				SWIFT_OPTIMIZATION_LEVEL = "-O";
				VALIDATE_PRODUCT = YES;
			};
			name = Release;
		};
		CC652E67223784970011A53C /* Debug */ = {
			isa = XCBuildConfiguration;
			buildSettings = {
				ASSETCATALOG_COMPILER_APPICON_NAME = AppIcon;
				CODE_SIGN_STYLE = Automatic;
				DEVELOPMENT_TEAM = 7T2Z6RR4DM;
				INFOPLIST_FILE = inputfield/Info.plist;
				LD_RUNPATH_SEARCH_PATHS = (
					"$(inherited)",
					"@executable_path/Frameworks",
				);
				PRODUCT_BUNDLE_IDENTIFIER = com.quietbranchstudio.inputfield;
				PRODUCT_NAME = "$(TARGET_NAME)";
				SWIFT_VERSION = 4.2;
				TARGETED_DEVICE_FAMILY = 1;
			};
			name = Debug;
		};
		CC652E68223784970011A53C /* Release */ = {
			isa = XCBuildConfiguration;
			buildSettings = {
				ASSETCATALOG_COMPILER_APPICON_NAME = AppIcon;
				CODE_SIGN_STYLE = Automatic;
				DEVELOPMENT_TEAM = 7T2Z6RR4DM;
				INFOPLIST_FILE = inputfield/Info.plist;
				LD_RUNPATH_SEARCH_PATHS = (
					"$(inherited)",
					"@executable_path/Frameworks",
				);
				PRODUCT_BUNDLE_IDENTIFIER = com.quietbranchstudio.inputfield;
				PRODUCT_NAME = "$(TARGET_NAME)";
				SWIFT_VERSION = 4.2;
				TARGETED_DEVICE_FAMILY = 1;
			};
			name = Release;
		};
/* End XCBuildConfiguration section */

/* Begin XCConfigurationList section */
		CC652E4F223784950011A53C /* Build configuration list for PBXProject "inputfield" */ = {
			isa = XCConfigurationList;
			buildConfigurations = (
				CC652E64223784970011A53C /* Debug */,
				CC652E65223784970011A53C /* Release */,
			);
			defaultConfigurationIsVisible = 0;
			defaultConfigurationName = Release;
		};
		CC652E66223784970011A53C /* Build configuration list for PBXNativeTarget "inputfield" */ = {
			isa = XCConfigurationList;
			buildConfigurations = (
				CC652E67223784970011A53C /* Debug */,
				CC652E68223784970011A53C /* Release */,
			);
			defaultConfigurationIsVisible = 0;
			defaultConfigurationName = Release;
		};
/* End XCConfigurationList section */
	};
	rootObject = CC652E4C223784950011A53C /* Project object */;
}
